# Prisma Migrate lockfile v1

20210108165623-adds-initial-migration
20210108165653-adds-project-model
20210126183016-adds-name-to-project
20210127051352-adds-file-model
20210127152546-adds-name-to-file
20210128042039-adds-url-to-file-model
20210128172132-adds-comment-model
20210128193240-adds-coordinates-to-comment-model
20210205180616-adds-team-model
20210205180727-adds-user-to-team-model
20210205180901-adds-project-to-team
20210205181144-adds-name-to-team
20210205183152-adds-user-teams-model
20210206040036-adds-description-to-team
20210206062922-uses-consistent-schema-names
20210206071341-fixes-attribute-naming-in-project-model
20210206152942-adds-is-public-attribute-to-project-model
20210209140534-adds-oauth-specific-attributes-to-user-model